// !$*UTF8*$!
{
	archiveVersion = 1;
	classes = {
	};
	objectVersion = 50;
	objects = {

/* Begin PBXBuildFile section */
		6929DD1124BC79CC004E3E8E /* AppDelegate.swift in Sources */ = {isa = PBXBuildFile; fileRef = 6929DD1024BC79CC004E3E8E /* AppDelegate.swift */; };
		6929DD1324BC79CC004E3E8E /* SceneDelegate.swift in Sources */ = {isa = PBXBuildFile; fileRef = 6929DD1224BC79CC004E3E8E /* SceneDelegate.swift */; };
		6929DD1524BC79CC004E3E8E /* ViewController.swift in Sources */ = {isa = PBXBuildFile; fileRef = 6929DD1424BC79CC004E3E8E /* ViewController.swift */; };
		6929DD1824BC79CC004E3E8E /* Main.storyboard in Resources */ = {isa = PBXBuildFile; fileRef = 6929DD1624BC79CC004E3E8E /* Main.storyboard */; };
		6929DD1A24BC79CD004E3E8E /* Assets.xcassets in Resources */ = {isa = PBXBuildFile; fileRef = 6929DD1924BC79CD004E3E8E /* Assets.xcassets */; };
		6929DD1D24BC79CD004E3E8E /* LaunchScreen.storyboard in Resources */ = {isa = PBXBuildFile; fileRef = 6929DD1B24BC79CD004E3E8E /* LaunchScreen.storyboard */; };
		6929DD2824BC79CD004E3E8E /* tabBarDemoTests.swift in Sources */ = {isa = PBXBuildFile; fileRef = 6929DD2724BC79CD004E3E8E /* tabBarDemoTests.swift */; };
		6929DD3324BC79CD004E3E8E /* tabBarDemoUITests.swift in Sources */ = {isa = PBXBuildFile; fileRef = 6929DD3224BC79CD004E3E8E /* tabBarDemoUITests.swift */; };
/* End PBXBuildFile section */

/* Begin PBXContainerItemProxy section */
		6929DD2424BC79CD004E3E8E /* PBXContainerItemProxy */ = {
			isa = PBXContainerItemProxy;
			containerPortal = 6929DD0524BC79CC004E3E8E /* Project object */;
			proxyType = 1;
			remoteGlobalIDString = 6929DD0C24BC79CC004E3E8E;
			remoteInfo = tabBarDemo;
		};
		6929DD2F24BC79CD004E3E8E /* PBXContainerItemProxy */ = {
			isa = PBXContainerItemProxy;
			containerPortal = 6929DD0524BC79CC004E3E8E /* Project object */;
			proxyType = 1;
			remoteGlobalIDString = 6929DD0C24BC79CC004E3E8E;
			remoteInfo = tabBarDemo;
		};
/* End PBXContainerItemProxy section */

/* Begin PBXFileReference section */
		6929DD0D24BC79CC004E3E8E /* tabBarDemo.app */ = {isa = PBXFileReference; explicitFileType = wrapper.application; includeInIndex = 0; path = tabBarDemo.app; sourceTree = BUILT_PRODUCTS_DIR; };
		6929DD1024BC79CC004E3E8E /* AppDelegate.swift */ = {isa = PBXFileReference; lastKnownFileType = sourcecode.swift; path = AppDelegate.swift; sourceTree = "<group>"; };
		6929DD1224BC79CC004E3E8E /* SceneDelegate.swift */ = {isa = PBXFileReference; lastKnownFileType = sourcecode.swift; path = SceneDelegate.swift; sourceTree = "<group>"; };
		6929DD1424BC79CC004E3E8E /* ViewController.swift */ = {isa = PBXFileReference; lastKnownFileType = sourcecode.swift; path = ViewController.swift; sourceTree = "<group>"; };
		6929DD1724BC79CC004E3E8E /* Base */ = {isa = PBXFileReference; lastKnownFileType = file.storyboard; name = Base; path = Base.lproj/Main.storyboard; sourceTree = "<group>"; };
		6929DD1924BC79CD004E3E8E /* Assets.xcassets */ = {isa = PBXFileReference; lastKnownFileType = folder.assetcatalog; path = Assets.xcassets; sourceTree = "<group>"; };
		6929DD1C24BC79CD004E3E8E /* Base */ = {isa = PBXFileReference; lastKnownFileType = file.storyboard; name = Base; path = Base.lproj/LaunchScreen.storyboard; sourceTree = "<group>"; };
		6929DD1E24BC79CD004E3E8E /* Info.plist */ = {isa = PBXFileReference; lastKnownFileType = text.plist.xml; path = Info.plist; sourceTree = "<group>"; };
		6929DD2324BC79CD004E3E8E /* tabBarDemoTests.xctest */ = {isa = PBXFileReference; explicitFileType = wrapper.cfbundle; includeInIndex = 0; path = tabBarDemoTests.xctest; sourceTree = BUILT_PRODUCTS_DIR; };
		6929DD2724BC79CD004E3E8E /* tabBarDemoTests.swift */ = {isa = PBXFileReference; lastKnownFileType = sourcecode.swift; path = tabBarDemoTests.swift; sourceTree = "<group>"; };
		6929DD2924BC79CD004E3E8E /* Info.plist */ = {isa = PBXFileReference; lastKnownFileType = text.plist.xml; path = Info.plist; sourceTree = "<group>"; };
		6929DD2E24BC79CD004E3E8E /* tabBarDemoUITests.xctest */ = {isa = PBXFileReference; explicitFileType = wrapper.cfbundle; includeInIndex = 0; path = tabBarDemoUITests.xctest; sourceTree = BUILT_PRODUCTS_DIR; };
		6929DD3224BC79CD004E3E8E /* tabBarDemoUITests.swift */ = {isa = PBXFileReference; lastKnownFileType = sourcecode.swift; path = tabBarDemoUITests.swift; sourceTree = "<group>"; };
		6929DD3424BC79CD004E3E8E /* Info.plist */ = {isa = PBXFileReference; lastKnownFileType = text.plist.xml; path = Info.plist; sourceTree = "<group>"; };
/* End PBXFileReference section */

/* Begin PBXFrameworksBuildPhase section */
		6929DD0A24BC79CC004E3E8E /* Frameworks */ = {
			isa = PBXFrameworksBuildPhase;
			buildActionMask = 2147483647;
			files = (
			);
			runOnlyForDeploymentPostprocessing = 0;
		};
		6929DD2024BC79CD004E3E8E /* Frameworks */ = {
			isa = PBXFrameworksBuildPhase;
			buildActionMask = 2147483647;
			files = (
			);
			runOnlyForDeploymentPostprocessing = 0;
		};
		6929DD2B24BC79CD004E3E8E /* Frameworks */ = {
			isa = PBXFrameworksBuildPhase;
			buildActionMask = 2147483647;
			files = (
			);
			runOnlyForDeploymentPostprocessing = 0;
		};
/* End PBXFrameworksBuildPhase section */

/* Begin PBXGroup section */
		6929DD0424BC79CC004E3E8E = {
			isa = PBXGroup;
			children = (
				6929DD0F24BC79CC004E3E8E /* tabBarDemo */,
				6929DD2624BC79CD004E3E8E /* tabBarDemoTests */,
				6929DD3124BC79CD004E3E8E /* tabBarDemoUITests */,
				6929DD0E24BC79CC004E3E8E /* Products */,
			);
			sourceTree = "<group>";
		};
		6929DD0E24BC79CC004E3E8E /* Products */ = {
			isa = PBXGroup;
			children = (
				6929DD0D24BC79CC004E3E8E /* tabBarDemo.app */,
				6929DD2324BC79CD004E3E8E /* tabBarDemoTests.xctest */,
				6929DD2E24BC79CD004E3E8E /* tabBarDemoUITests.xctest */,
			);
			name = Products;
			sourceTree = "<group>";
		};
		6929DD0F24BC79CC004E3E8E /* tabBarDemo */ = {
			isa = PBXGroup;
			children = (
				6929DD1024BC79CC004E3E8E /* AppDelegate.swift */,
				6929DD1224BC79CC004E3E8E /* SceneDelegate.swift */,
				6929DD1424BC79CC004E3E8E /* ViewController.swift */,
				6929DD1624BC79CC004E3E8E /* Main.storyboard */,
				6929DD1924BC79CD004E3E8E /* Assets.xcassets */,
				6929DD1B24BC79CD004E3E8E /* LaunchScreen.storyboard */,
				6929DD1E24BC79CD004E3E8E /* Info.plist */,
			);
			path = tabBarDemo;
			sourceTree = "<group>";
		};
		6929DD2624BC79CD004E3E8E /* tabBarDemoTests */ = {
			isa = PBXGroup;
			children = (
				6929DD2724BC79CD004E3E8E /* tabBarDemoTests.swift */,
				6929DD2924BC79CD004E3E8E /* Info.plist */,
			);
			path = tabBarDemoTests;
			sourceTree = "<group>";
		};
		6929DD3124BC79CD004E3E8E /* tabBarDemoUITests */ = {
			isa = PBXGroup;
			children = (
				6929DD3224BC79CD004E3E8E /* tabBarDemoUITests.swift */,
				6929DD3424BC79CD004E3E8E /* Info.plist */,
			);
			path = tabBarDemoUITests;
			sourceTree = "<group>";
		};
/* End PBXGroup section */

/* Begin PBXNativeTarget section */
		6929DD0C24BC79CC004E3E8E /* tabBarDemo */ = {
			isa = PBXNativeTarget;
			buildConfigurationList = 6929DD3724BC79CD004E3E8E /* Build configuration list for PBXNativeTarget "tabBarDemo" */;
			buildPhases = (
				6929DD0924BC79CC004E3E8E /* Sources */,
				6929DD0A24BC79CC004E3E8E /* Frameworks */,
				6929DD0B24BC79CC004E3E8E /* Resources */,
			);
			buildRules = (
			);
			dependencies = (
			);
			name = tabBarDemo;
			productName = tabBarDemo;
			productReference = 6929DD0D24BC79CC004E3E8E /* tabBarDemo.app */;
			productType = "com.apple.product-type.application";
		};
		6929DD2224BC79CD004E3E8E /* tabBarDemoTests */ = {
			isa = PBXNativeTarget;
			buildConfigurationList = 6929DD3A24BC79CD004E3E8E /* Build configuration list for PBXNativeTarget "tabBarDemoTests" */;
			buildPhases = (
				6929DD1F24BC79CD004E3E8E /* Sources */,
				6929DD2024BC79CD004E3E8E /* Frameworks */,
				6929DD2124BC79CD004E3E8E /* Resources */,
			);
			buildRules = (
			);
			dependencies = (
				6929DD2524BC79CD004E3E8E /* PBXTargetDependency */,
			);
			name = tabBarDemoTests;
			productName = tabBarDemoTests;
			productReference = 6929DD2324BC79CD004E3E8E /* tabBarDemoTests.xctest */;
			productType = "com.apple.product-type.bundle.unit-test";
		};
		6929DD2D24BC79CD004E3E8E /* tabBarDemoUITests */ = {
			isa = PBXNativeTarget;
			buildConfigurationList = 6929DD3D24BC79CD004E3E8E /* Build configuration list for PBXNativeTarget "tabBarDemoUITests" */;
			buildPhases = (
				6929DD2A24BC79CD004E3E8E /* Sources */,
				6929DD2B24BC79CD004E3E8E /* Frameworks */,
				6929DD2C24BC79CD004E3E8E /* Resources */,
			);
			buildRules = (
			);
			dependencies = (
				6929DD3024BC79CD004E3E8E /* PBXTargetDependency */,
			);
			name = tabBarDemoUITests;
			productName = tabBarDemoUITests;
			productReference = 6929DD2E24BC79CD004E3E8E /* tabBarDemoUITests.xctest */;
			productType = "com.apple.product-type.bundle.ui-testing";
		};
/* End PBXNativeTarget section */

/* Begin PBXProject section */
		6929DD0524BC79CC004E3E8E /* Project object */ = {
			isa = PBXProject;
			attributes = {
				LastSwiftUpdateCheck = 1200;
				LastUpgradeCheck = 1200;
				TargetAttributes = {
					6929DD0C24BC79CC004E3E8E = {
						CreatedOnToolsVersion = 12.0;
					};
					6929DD2224BC79CD004E3E8E = {
						CreatedOnToolsVersion = 12.0;
						TestTargetID = 6929DD0C24BC79CC004E3E8E;
					};
					6929DD2D24BC79CD004E3E8E = {
						CreatedOnToolsVersion = 12.0;
						TestTargetID = 6929DD0C24BC79CC004E3E8E;
					};
				};
			};
			buildConfigurationList = 6929DD0824BC79CC004E3E8E /* Build configuration list for PBXProject "tabBarDemo" */;
			compatibilityVersion = "Xcode 9.3";
			developmentRegion = en;
			hasScannedForEncodings = 0;
			knownRegions = (
				en,
				Base,
			);
			mainGroup = 6929DD0424BC79CC004E3E8E;
			productRefGroup = 6929DD0E24BC79CC004E3E8E /* Products */;
			projectDirPath = "";
			projectRoot = "";
			targets = (
				6929DD0C24BC79CC004E3E8E /* tabBarDemo */,
				6929DD2224BC79CD004E3E8E /* tabBarDemoTests */,
				6929DD2D24BC79CD004E3E8E /* tabBarDemoUITests */,
			);
		};
/* End PBXProject section */

/* Begin PBXResourcesBuildPhase section */
		6929DD0B24BC79CC004E3E8E /* Resources */ = {
			isa = PBXResourcesBuildPhase;
			buildActionMask = 2147483647;
			files = (
				6929DD1D24BC79CD004E3E8E /* LaunchScreen.storyboard in Resources */,
				6929DD1A24BC79CD004E3E8E /* Assets.xcassets in Resources */,
				6929DD1824BC79CC004E3E8E /* Main.storyboard in Resources */,
			);
			runOnlyForDeploymentPostprocessing = 0;
		};
		6929DD2124BC79CD004E3E8E /* Resources */ = {
			isa = PBXResourcesBuildPhase;
			buildActionMask = 2147483647;
			files = (
			);
			runOnlyForDeploymentPostprocessing = 0;
		};
		6929DD2C24BC79CD004E3E8E /* Resources */ = {
			isa = PBXResourcesBuildPhase;
			buildActionMask = 2147483647;
			files = (
			);
			runOnlyForDeploymentPostprocessing = 0;
		};
/* End PBXResourcesBuildPhase section */

/* Begin PBXSourcesBuildPhase section */
		6929DD0924BC79CC004E3E8E /* Sources */ = {
			isa = PBXSourcesBuildPhase;
			buildActionMask = 2147483647;
			files = (
				6929DD1524BC79CC004E3E8E /* ViewController.swift in Sources */,
				6929DD1124BC79CC004E3E8E /* AppDelegate.swift in Sources */,
				6929DD1324BC79CC004E3E8E /* SceneDelegate.swift in Sources */,
			);
			runOnlyForDeploymentPostprocessing = 0;
		};
		6929DD1F24BC79CD004E3E8E /* Sources */ = {
			isa = PBXSourcesBuildPhase;
			buildActionMask = 2147483647;
			files = (
				6929DD2824BC79CD004E3E8E /* tabBarDemoTests.swift in Sources */,
			);
			runOnlyForDeploymentPostprocessing = 0;
		};
		6929DD2A24BC79CD004E3E8E /* Sources */ = {
			isa = PBXSourcesBuildPhase;
			buildActionMask = 2147483647;
			files = (
				6929DD3324BC79CD004E3E8E /* tabBarDemoUITests.swift in Sources */,
			);
			runOnlyForDeploymentPostprocessing = 0;
		};
/* End PBXSourcesBuildPhase section */

/* Begin PBXTargetDependency section */
		6929DD2524BC79CD004E3E8E /* PBXTargetDependency */ = {
			isa = PBXTargetDependency;
			target = 6929DD0C24BC79CC004E3E8E /* tabBarDemo */;
			targetProxy = 6929DD2424BC79CD004E3E8E /* PBXContainerItemProxy */;
		};
		6929DD3024BC79CD004E3E8E /* PBXTargetDependency */ = {
			isa = PBXTargetDependency;
			target = 6929DD0C24BC79CC004E3E8E /* tabBarDemo */;
			targetProxy = 6929DD2F24BC79CD004E3E8E /* PBXContainerItemProxy */;
		};
/* End PBXTargetDependency section */

/* Begin PBXVariantGroup section */
		6929DD1624BC79CC004E3E8E /* Main.storyboard */ = {
			isa = PBXVariantGroup;
			children = (
				6929DD1724BC79CC004E3E8E /* Base */,
			);
			name = Main.storyboard;
			sourceTree = "<group>";
		};
		6929DD1B24BC79CD004E3E8E /* LaunchScreen.storyboard */ = {
			isa = PBXVariantGroup;
			children = (
				6929DD1C24BC79CD004E3E8E /* Base */,
			);
			name = LaunchScreen.storyboard;
			sourceTree = "<group>";
		};
/* End PBXVariantGroup section */

/* Begin XCBuildConfiguration section */
		6929DD3524BC79CD004E3E8E /* Debug */ = {
			isa = XCBuildConfiguration;
			buildSettings = {
				ALWAYS_SEARCH_USER_PATHS = NO;
				CLANG_ANALYZER_NONNULL = YES;
				CLANG_ANALYZER_NUMBER_OBJECT_CONVERSION = YES_AGGRESSIVE;
				CLANG_CXX_LANGUAGE_STANDARD = "gnu++14";
				CLANG_CXX_LIBRARY = "libc++";
				CLANG_ENABLE_MODULES = YES;
				CLANG_ENABLE_OBJC_ARC = YES;
				CLANG_ENABLE_OBJC_WEAK = YES;
				CLANG_WARN_BLOCK_CAPTURE_AUTORELEASING = YES;
				CLANG_WARN_BOOL_CONVERSION = YES;
				CLANG_WARN_COMMA = YES;
				CLANG_WARN_CONSTANT_CONVERSION = YES;
				CLANG_WARN_DEPRECATED_OBJC_IMPLEMENTATIONS = YES;
				CLANG_WARN_DIRECT_OBJC_ISA_USAGE = YES_ERROR;
				CLANG_WARN_DOCUMENTATION_COMMENTS = YES;
				CLANG_WARN_EMPTY_BODY = YES;
				CLANG_WARN_ENUM_CONVERSION = YES;
				CLANG_WARN_INFINITE_RECURSION = YES;
				CLANG_WARN_INT_CONVERSION = YES;
				CLANG_WARN_NON_LITERAL_NULL_CONVERSION = YES;
				CLANG_WARN_OBJC_IMPLICIT_RETAIN_SELF = YES;
				CLANG_WARN_OBJC_LITERAL_CONVERSION = YES;
				CLANG_WARN_OBJC_ROOT_CLASS = YES_ERROR;
				CLANG_WARN_QUOTED_INCLUDE_IN_FRAMEWORK_HEADER = YES;
				CLANG_WARN_RANGE_LOOP_ANALYSIS = YES;
				CLANG_WARN_STRICT_PROTOTYPES = YES;
				CLANG_WARN_SUSPICIOUS_MOVE = YES;
				CLANG_WARN_UNGUARDED_AVAILABILITY = YES_AGGRESSIVE;
				CLANG_WARN_UNREACHABLE_CODE = YES;
				CLANG_WARN__DUPLICATE_METHOD_MATCH = YES;
				COPY_PHASE_STRIP = NO;
				DEBUG_INFORMATION_FORMAT = dwarf;
				ENABLE_STRICT_OBJC_MSGSEND = YES;
				ENABLE_TESTABILITY = YES;
				GCC_C_LANGUAGE_STANDARD = gnu11;
				GCC_DYNAMIC_NO_PIC = NO;
				GCC_NO_COMMON_BLOCKS = YES;
				GCC_OPTIMIZATION_LEVEL = 0;
				GCC_PREPROCESSOR_DEFINITIONS = (
					"DEBUG=1",
					"$(inherited)",
				);
				GCC_WARN_64_TO_32_BIT_CONVERSION = YES;
				GCC_WARN_ABOUT_RETURN_TYPE = YES_ERROR;
				GCC_WARN_UNDECLARED_SELECTOR = YES;
				GCC_WARN_UNINITIALIZED_AUTOS = YES_AGGRESSIVE;
				GCC_WARN_UNUSED_FUNCTION = YES;
				GCC_WARN_UNUSED_VARIABLE = YES;
				IPHONEOS_DEPLOYMENT_TARGET = 14.0;
				MTL_ENABLE_DEBUG_INFO = INCLUDE_SOURCE;
				MTL_FAST_MATH = YES;
				ONLY_ACTIVE_ARCH = YES;
				SDKROOT = iphoneos;
				SWIFT_ACTIVE_COMPILATION_CONDITIONS = DEBUG;
				SWIFT_OPTIMIZATION_LEVEL = "-Onone";
			};
			name = Debug;
		};
		6929DD3624BC79CD004E3E8E /* Release */ = {
			isa = XCBuildConfiguration;
			buildSettings = {
				ALWAYS_SEARCH_USER_PATHS = NO;
				CLANG_ANALYZER_NONNULL = YES;
				CLANG_ANALYZER_NUMBER_OBJECT_CONVERSION = YES_AGGRESSIVE;
				CLANG_CXX_LANGUAGE_STANDARD = "gnu++14";
				CLANG_CXX_LIBRARY = "libc++";
				CLANG_ENABLE_MODULES = YES;
				CLANG_ENABLE_OBJC_ARC = YES;
				CLANG_ENABLE_OBJC_WEAK = YES;
				CLANG_WARN_BLOCK_CAPTURE_AUTORELEASING = YES;
				CLANG_WARN_BOOL_CONVERSION = YES;
				CLANG_WARN_COMMA = YES;
				CLANG_WARN_CONSTANT_CONVERSION = YES;
				CLANG_WARN_DEPRECATED_OBJC_IMPLEMENTATIONS = YES;
				CLANG_WARN_DIRECT_OBJC_ISA_USAGE = YES_ERROR;
				CLANG_WARN_DOCUMENTATION_COMMENTS = YES;
				CLANG_WARN_EMPTY_BODY = YES;
				CLANG_WARN_ENUM_CONVERSION = YES;
				CLANG_WARN_INFINITE_RECURSION = YES;
				CLANG_WARN_INT_CONVERSION = YES;
				CLANG_WARN_NON_LITERAL_NULL_CONVERSION = YES;
				CLANG_WARN_OBJC_IMPLICIT_RETAIN_SELF = YES;
				CLANG_WARN_OBJC_LITERAL_CONVERSION = YES;
				CLANG_WARN_OBJC_ROOT_CLASS = YES_ERROR;
				CLANG_WARN_QUOTED_INCLUDE_IN_FRAMEWORK_HEADER = YES;
				CLANG_WARN_RANGE_LOOP_ANALYSIS = YES;
				CLANG_WARN_STRICT_PROTOTYPES = YES;
				CLANG_WARN_SUSPICIOUS_MOVE = YES;
				CLANG_WARN_UNGUARDED_AVAILABILITY = YES_AGGRESSIVE;
				CLANG_WARN_UNREACHABLE_CODE = YES;
				CLANG_WARN__DUPLICATE_METHOD_MATCH = YES;
				COPY_PHASE_STRIP = NO;
				DEBUG_INFORMATION_FORMAT = "dwarf-with-dsym";
				ENABLE_NS_ASSERTIONS = NO;
				ENABLE_STRICT_OBJC_MSGSEND = YES;
				GCC_C_LANGUAGE_STANDARD = gnu11;
				GCC_NO_COMMON_BLOCKS = YES;
				GCC_WARN_64_TO_32_BIT_CONVERSION = YES;
				GCC_WARN_ABOUT_RETURN_TYPE = YES_ERROR;
				GCC_WARN_UNDECLARED_SELECTOR = YES;
				GCC_WARN_UNINITIALIZED_AUTOS = YES_AGGRESSIVE;
				GCC_WARN_UNUSED_FUNCTION = YES;
				GCC_WARN_UNUSED_VARIABLE = YES;
				IPHONEOS_DEPLOYMENT_TARGET = 14.0;
				MTL_ENABLE_DEBUG_INFO = NO;
				MTL_FAST_MATH = YES;
				SDKROOT = iphoneos;
				SWIFT_COMPILATION_MODE = wholemodule;
				SWIFT_OPTIMIZATION_LEVEL = "-O";
				VALIDATE_PRODUCT = YES;
			};
			name = Release;
		};
		6929DD3824BC79CD004E3E8E /* Debug */ = {
			isa = XCBuildConfiguration;
			buildSettings = {
				ASSETCATALOG_COMPILER_APPICON_NAME = AppIcon;
				ASSETCATALOG_COMPILER_GLOBAL_ACCENT_COLOR_NAME = AccentColor;
				CODE_SIGN_STYLE = Automatic;
				DEVELOPMENT_TEAM = V68ZQ92V75;
				INFOPLIST_FILE = tabBarDemo/Info.plist;
				LD_RUNPATH_SEARCH_PATHS = (
					"$(inherited)",
					"@executable_path/Frameworks",
				);
				PRODUCT_BUNDLE_IDENTIFIER = com.baaro.tabBarDemo;
				PRODUCT_NAME = "$(TARGET_NAME)";
				SWIFT_VERSION = 5.0;
				TARGETED_DEVICE_FAMILY = "1,2";
			};
			name = Debug;
		};
		6929DD3924BC79CD004E3E8E /* Release */ = {
			isa = XCBuildConfiguration;
			buildSettings = {
				ASSETCATALOG_COMPILER_APPICON_NAME = AppIcon;
				ASSETCATALOG_COMPILER_GLOBAL_ACCENT_COLOR_NAME = AccentColor;
				CODE_SIGN_STYLE = Automatic;
				DEVELOPMENT_TEAM = V68ZQ92V75;
				INFOPLIST_FILE = tabBarDemo/Info.plist;
				LD_RUNPATH_SEARCH_PATHS = (
					"$(inherited)",
					"@executable_path/Frameworks",
				);
				PRODUCT_BUNDLE_IDENTIFIER = com.baaro.tabBarDemo;
				PRODUCT_NAME = "$(TARGET_NAME)";
				SWIFT_VERSION = 5.0;
				TARGETED_DEVICE_FAMILY = "1,2";
			};
			name = Release;
		};
		6929DD3B24BC79CD004E3E8E /* Debug */ = {
			isa = XCBuildConfiguration;
			buildSettings = {
				ALWAYS_EMBED_SWIFT_STANDARD_LIBRARIES = YES;
				BUNDLE_LOADER = "$(TEST_HOST)";
				CODE_SIGN_STYLE = Automatic;
				DEVELOPMENT_TEAM = V68ZQ92V75;
				INFOPLIST_FILE = tabBarDemoTests/Info.plist;
				IPHONEOS_DEPLOYMENT_TARGET = 14.0;
				LD_RUNPATH_SEARCH_PATHS = (
					"$(inherited)",
					"@executable_path/Frameworks",
					"@loader_path/Frameworks",
				);
				PRODUCT_BUNDLE_IDENTIFIER = com.baaro.tabBarDemoTests;
				PRODUCT_NAME = "$(TARGET_NAME)";
				SWIFT_VERSION = 5.0;
				TARGETED_DEVICE_FAMILY = "1,2";
				TEST_HOST = "$(BUILT_PRODUCTS_DIR)/tabBarDemo.app/tabBarDemo";
			};
			name = Debug;
		};
		6929DD3C24BC79CD004E3E8E /* Release */ = {
			isa = XCBuildConfiguration;
			buildSettings = {
				ALWAYS_EMBED_SWIFT_STANDARD_LIBRARIES = YES;
				BUNDLE_LOADER = "$(TEST_HOST)";
				CODE_SIGN_STYLE = Automatic;
				DEVELOPMENT_TEAM = V68ZQ92V75;
				INFOPLIST_FILE = tabBarDemoTests/Info.plist;
				IPHONEOS_DEPLOYMENT_TARGET = 14.0;
				LD_RUNPATH_SEARCH_PATHS = (
					"$(inherited)",
					"@executable_path/Frameworks",
					"@loader_path/Frameworks",
				);
				PRODUCT_BUNDLE_IDENTIFIER = com.baaro.tabBarDemoTests;
				PRODUCT_NAME = "$(TARGET_NAME)";
				SWIFT_VERSION = 5.0;
				TARGETED_DEVICE_FAMILY = "1,2";
				TEST_HOST = "$(BUILT_PRODUCTS_DIR)/tabBarDemo.app/tabBarDemo";
			};
			name = Release;
		};
		6929DD3E24BC79CD004E3E8E /* Debug */ = {
			isa = XCBuildConfiguration;
			buildSettings = {
				ALWAYS_EMBED_SWIFT_STANDARD_LIBRARIES = YES;
				CODE_SIGN_STYLE = Automatic;
				DEVELOPMENT_TEAM = V68ZQ92V75;
				INFOPLIST_FILE = tabBarDemoUITests/Info.plist;
				LD_RUNPATH_SEARCH_PATHS = (
					"$(inherited)",
					"@executable_path/Frameworks",
					"@loader_path/Frameworks",
				);
				PRODUCT_BUNDLE_IDENTIFIER = com.baaro.tabBarDemoUITests;
				PRODUCT_NAME = "$(TARGET_NAME)";
				SWIFT_VERSION = 5.0;
				TARGETED_DEVICE_FAMILY = "1,2";
				TEST_TARGET_NAME = tabBarDemo;
			};
			name = Debug;
		};
		6929DD3F24BC79CD004E3E8E /* Release */ = {
			isa = XCBuildConfiguration;
			buildSettings = {
				ALWAYS_EMBED_SWIFT_STANDARD_LIBRARIES = YES;
				CODE_SIGN_STYLE = Automatic;
				DEVELOPMENT_TEAM = V68ZQ92V75;
				INFOPLIST_FILE = tabBarDemoUITests/Info.plist;
				LD_RUNPATH_SEARCH_PATHS = (
					"$(inherited)",
					"@executable_path/Frameworks",
					"@loader_path/Frameworks",
				);
				PRODUCT_BUNDLE_IDENTIFIER = com.baaro.tabBarDemoUITests;
				PRODUCT_NAME = "$(TARGET_NAME)";
				SWIFT_VERSION = 5.0;
				TARGETED_DEVICE_FAMILY = "1,2";
				TEST_TARGET_NAME = tabBarDemo;
			};
			name = Release;
		};
/* End XCBuildConfiguration section */

/* Begin XCConfigurationList section */
		6929DD0824BC79CC004E3E8E /* Build configuration list for PBXProject "tabBarDemo" */ = {
			isa = XCConfigurationList;
			buildConfigurations = (
				6929DD3524BC79CD004E3E8E /* Debug */,
				6929DD3624BC79CD004E3E8E /* Release */,
			);
			defaultConfigurationIsVisible = 0;
			defaultConfigurationName = Release;
		};
		6929DD3724BC79CD004E3E8E /* Build configuration list for PBXNativeTarget "tabBarDemo" */ = {
			isa = XCConfigurationList;
			buildConfigurations = (
				6929DD3824BC79CD004E3E8E /* Debug */,
				6929DD3924BC79CD004E3E8E /* Release */,
			);
			defaultConfigurationIsVisible = 0;
			defaultConfigurationName = Release;
		};
		6929DD3A24BC79CD004E3E8E /* Build configuration list for PBXNativeTarget "tabBarDemoTests" */ = {
			isa = XCConfigurationList;
			buildConfigurations = (
				6929DD3B24BC79CD004E3E8E /* Debug */,
				6929DD3C24BC79CD004E3E8E /* Release */,
			);
			defaultConfigurationIsVisible = 0;
			defaultConfigurationName = Release;
		};
		6929DD3D24BC79CD004E3E8E /* Build configuration list for PBXNativeTarget "tabBarDemoUITests" */ = {
			isa = XCConfigurationList;
			buildConfigurations = (
				6929DD3E24BC79CD004E3E8E /* Debug */,
				6929DD3F24BC79CD004E3E8E /* Release */,
			);
			defaultConfigurationIsVisible = 0;
			defaultConfigurationName = Release;
		};
/* End XCConfigurationList section */
	};
	rootObject = 6929DD0524BC79CC004E3E8E /* Project object */;
}
